
Microsoft Visual Studio Solution File, Format Version 12.00
# Visual Studio 15
VisualStudioVersion = 15.0.28307.1321
MinimumVisualStudioVersion = 10.0.40219.1
Project("{FAE04EC0-301F-11D3-BF4B-00C04F79EFBC}") = "CustomizationEditor_10.2.300.X", "CustomizationEditor_10.2.300\CustomizationEditor_10.2.300.X.csproj", "{7CC05C03-06EC-45E1-80F5-DAAF797FF13D}"
EndProject
Project("{D954291E-2A0B-460D-934E-DC6B0785DB48}") = "CommonCode", "CommonCode\CommonCode.shproj", "{EF014BB7-D332-433E-A188-746810DF25A1}"
EndProject
Project("{FAE04EC0-301F-11D3-BF4B-00C04F79EFBC}") = "CommonForms", "CommonForms\CommonForms.csproj", "{34039205-D2AE-49A3-B152-79F5D575C634}"
EndProject
Project("{FAE04EC0-301F-11D3-BF4B-00C04F79EFBC}") = "CommonClasses", "CommonClasses\CommonClasses.csproj", "{C69D3D4C-26D3-416B-A253-3AB74B4955D6}"
EndProject
Project("{FAE04EC0-301F-11D3-BF4B-00C04F79EFBC}") = "VSExtension", "VSExtension\VSExtension.csproj", "{D89291C5-EB9F-4F51-ACD9-8856158174B9}"
EndProject
Project("{FAE04EC0-301F-11D3-BF4B-00C04F79EFBC}") = "CustomizationEditor_10.2.700.X", "CustomizationEditor_10.2.700.X\CustomizationEditor_10.2.700.X.csproj", "{C856CA59-99D2-4F25-8578-CE94D4A4A566}"
EndProject
Global
	GlobalSection(SharedMSBuildProjectFiles) = preSolution
		CommonCode\CommonCode.projitems*{7cc05c03-06ec-45e1-80f5-daaf797ff13d}*SharedItemsImports = 4
		CommonCode\CommonCode.projitems*{c856ca59-99d2-4f25-8578-ce94d4a4a566}*SharedItemsImports = 4
		CommonCode\CommonCode.projitems*{ef014bb7-d332-433e-a188-746810df25a1}*SharedItemsImports = 13
	EndGlobalSection
	GlobalSection(SolutionConfigurationPlatforms) = preSolution
		Debug|Any CPU = Debug|Any CPU
		Release|Any CPU = Release|Any CPU
	EndGlobalSection
	GlobalSection(ProjectConfigurationPlatforms) = postSolution
		{7CC05C03-06EC-45E1-80F5-DAAF797FF13D}.Debug|Any CPU.ActiveCfg = Debug|Any CPU
		{7CC05C03-06EC-45E1-80F5-DAAF797FF13D}.Debug|Any CPU.Build.0 = Debug|Any CPU
		{7CC05C03-06EC-45E1-80F5-DAAF797FF13D}.Release|Any CPU.ActiveCfg = Release|Any CPU
		{7CC05C03-06EC-45E1-80F5-DAAF797FF13D}.Release|Any CPU.Build.0 = Release|Any CPU
		{34039205-D2AE-49A3-B152-79F5D575C634}.Debug|Any CPU.ActiveCfg = Debug|Any CPU
		{34039205-D2AE-49A3-B152-79F5D575C634}.Debug|Any CPU.Build.0 = Debug|Any CPU
		{34039205-D2AE-49A3-B152-79F5D575C634}.Release|Any CPU.ActiveCfg = Release|Any CPU
		{34039205-D2AE-49A3-B152-79F5D575C634}.Release|Any CPU.Build.0 = Release|Any CPU
		{C69D3D4C-26D3-416B-A253-3AB74B4955D6}.Debug|Any CPU.ActiveCfg = Debug|Any CPU
		{C69D3D4C-26D3-416B-A253-3AB74B4955D6}.Debug|Any CPU.Build.0 = Debug|Any CPU
		{C69D3D4C-26D3-416B-A253-3AB74B4955D6}.Release|Any CPU.ActiveCfg = Release|Any CPU
		{C69D3D4C-26D3-416B-A253-3AB74B4955D6}.Release|Any CPU.Build.0 = Release|Any CPU
		{D89291C5-EB9F-4F51-ACD9-8856158174B9}.Debug|Any CPU.ActiveCfg = Debug|Any CPU
		{D89291C5-EB9F-4F51-ACD9-8856158174B9}.Debug|Any CPU.Build.0 = Debug|Any CPU
		{D89291C5-EB9F-4F51-ACD9-8856158174B9}.Release|Any CPU.ActiveCfg = Release|Any CPU
		{D89291C5-EB9F-4F51-ACD9-8856158174B9}.Release|Any CPU.Build.0 = Release|Any CPU
		{C856CA59-99D2-4F25-8578-CE94D4A4A566}.Debug|Any CPU.ActiveCfg = Debug|Any CPU
		{C856CA59-99D2-4F25-8578-CE94D4A4A566}.Debug|Any CPU.Build.0 = Debug|Any CPU
		{C856CA59-99D2-4F25-8578-CE94D4A4A566}.Release|Any CPU.ActiveCfg = Release|Any CPU
		{C856CA59-99D2-4F25-8578-CE94D4A4A566}.Release|Any CPU.Build.0 = Release|Any CPU
	EndGlobalSection
	GlobalSection(SolutionProperties) = preSolution
		HideSolutionNode = FALSE
	EndGlobalSection
	GlobalSection(ExtensibilityGlobals) = postSolution
		SolutionGuid = {DC45F661-E91C-4140-9F69-FC91791286C3}
	EndGlobalSection
EndGlobal
